<?xml version="1.0" encoding="utf-8"?>
<Project ToolsVersion="4.0" xmlns="http://schemas.microsoft.com/developer/msbuild/2003">
  <ItemGroup>
    <Filter Include="Source Files">
      <UniqueIdentifier>{4FC737F1-C7A5-4376-A066-2A32D752A2FF}</UniqueIdentifier>
      <Extensions>cpp;c;cc;cxx;c++;cppm;ixx;def;odl;idl;hpj;bat;asm;asmx</Extensions>
    </Filter>
    <Filter Include="Header Files">
      <UniqueIdentifier>{93995380-89BD-4b04-88EB-625FBE52EBFB}</UniqueIdentifier>
      <Extensions>h;hh;hpp;hxx;h++;hm;inl;inc;ipp;xsd</Extensions>
    </Filter>
    <Filter Include="Resource Files">
      <UniqueIdentifier>{67DA6AB6-F800-4c08-8B7A-83BB121AAD01}</UniqueIdentifier>
      <Extensions>rc;ico;cur;bmp;dlg;rc2;rct;bin;rgs;gif;jpg;jpeg;jpe;resx;tiff;tif;png;wav;mfcribbon-ms</Extensions>
    </Filter>
  </ItemGroup>
  <ItemGroup>
    <ClCompile Include="main.cpp">
      <Filter>Source Files</Filter>
    </ClCompile>
    <ClCompile Include="ExternalResources\c\glad.c">
      <Filter>Source Files</Filter>
    </ClCompile>
    <ClCompile Include="Environment\OpenGL\Window\OpenGLWindow.cpp">
      <Filter>Source Files</Filter>
    </ClCompile>
    <ClCompile Include="Environment\OpenGL\Window\OpenGLWindowCreator.cpp">
      <Filter>Source Files</Filter>
    </ClCompile>
    <ClCompile Include="Input\Processing\InputHandler.cpp">
      <Filter>Source Files</Filter>
    </ClCompile>
    <ClCompile Include="Environment\Interfaces\Window\IWindowCreator.cpp">
      <Filter>Source Files</Filter>
    </ClCompile>
    <ClCompile Include="Environment\Neutral\Shader\ShaderLoaderFromFile.cpp">
      <Filter>Source Files</Filter>
    </ClCompile>
    <ClCompile Include="Environment\OpenGL\Shader\OpenGLShaderCompiler.cpp">
      <Filter>Source Files</Filter>
    </ClCompile>
    <ClCompile Include="Environment\OpenGL\Shader\OpenGLShaderProgram.cpp">
      <Filter>Source Files</Filter>
    </ClCompile>
    <ClCompile Include="Game\GameManager.cpp">
      <Filter>Source Files</Filter>
    </ClCompile>
    <ClCompile Include="Tests\GraphicsTesting\Cube\ICubeLoader.cpp">
      <Filter>Source Files</Filter>
    </ClCompile>
    <ClCompile Include="Tests\GraphicsTesting\Cube\OpenGLCubeLoader.cpp">
      <Filter>Source Files</Filter>
    </ClCompile>
    <ClCompile Include="Tests\GraphicsTesting\Scenes\SceneLoader.cpp">
      <Filter>Source Files</Filter>
    </ClCompile>
    <ClCompile Include="ECS\Systems\Render\OpenGL\OpenGLCubeRenderer.cpp">
      <Filter>Source Files</Filter>
    </ClCompile>
    <ClCompile Include="Tests\GraphicsTesting\Cube\CubeResource.cpp">
      <Filter>Source Files</Filter>
    </ClCompile>
    <ClCompile Include="Input\Processing\MouseManager.cpp">
      <Filter>Source Files</Filter>
    </ClCompile>
    <ClCompile Include="Input\Processing\MouseHandler.cpp">
      <Filter>Source Files</Filter>
    </ClCompile>
    <ClCompile Include="ECS\Systems\Transform\TransformSystem.cpp">
      <Filter>Source Files</Filter>
    </ClCompile>
    <ClCompile Include="Camera\CameraData.cpp">
      <Filter>Source Files</Filter>
    </ClCompile>
    <ClCompile Include="Camera\Camera.cpp">
      <Filter>Source Files</Filter>
    </ClCompile>
    <ClCompile Include="Matrix\ProjectionMatrix.cpp">
      <Filter>Source Files</Filter>
    </ClCompile>
    <ClCompile Include="ECS\Systems\Transform\WorldMovement.cpp">
      <Filter>Source Files</Filter>
    </ClCompile>
    <ClCompile Include="ECS\Systems\Transform\WorldScale.cpp">
      <Filter>Source Files</Filter>
    </ClCompile>
    <ClCompile Include="ECS\Systems\Transform\ModelMatrixReset.cpp">
      <Filter>Source Files</Filter>
    </ClCompile>
    <ClCompile Include="ECS\Systems\Transform\WorldRotation.cpp">
      <Filter>Source Files</Filter>
    </ClCompile>
    <ClCompile Include="ECS\Systems\Transform\WorldOrbit.cpp">
      <Filter>Source Files</Filter>
    </ClCompile>
    <ClCompile Include="Environment\Interfaces\Shader\IShaderUniformBlock.cpp">
      <Filter>Source Files</Filter>
    </ClCompile>
    <ClCompile Include="Environment\OpenGL\Shader\OpenGLUniformBlock.cpp">
      <Filter>Source Files</Filter>
    </ClCompile>
    <ClCompile Include="Environment\Neutral\Texture\TextureLoaderFromFile.cpp">
      <Filter>Source Files</Filter>
    </ClCompile>
    <ClCompile Include="Environment\OpenGL\Texture\OpenGLTextureCompiler.cpp">
      <Filter>Source Files</Filter>
    </ClCompile>
    <ClCompile Include="Environment\OpenGL\Texture\OpenGLTexture.cpp">
      <Filter>Source Files</Filter>
    </ClCompile>
    <ClCompile Include="Matrix\MatrixFunctions.cpp">
      <Filter>Source Files</Filter>
    </ClCompile>
    <ClCompile Include="Environment\Interfaces\Shader\IShaderProgram.cpp">
      <Filter>Source Files</Filter>
    </ClCompile>
    <ClCompile Include="Environment\Interfaces\Texture\ITexture.cpp">
      <Filter>Source Files</Filter>
    </ClCompile>
    <ClCompile Include="Environment\Interfaces\Texture\ITextureCompiler.cpp">
      <Filter>Source Files</Filter>
    </ClCompile>
    <ClCompile Include="Environment\Neutral\API\GraphicsAPI.cpp">
      <Filter>Source Files</Filter>
    </ClCompile>
    <ClCompile Include="ECS\Systems\Render\Interfaces\ICubeRenderer.cpp">
      <Filter>Source Files</Filter>
    </ClCompile>
    <ClCompile Include="Environment\Interfaces\Shader\IShaderCompiler.cpp">
      <Filter>Source Files</Filter>
    </ClCompile>
    <ClCompile Include="Environment\Interfaces\Window\IWindow.cpp">
      <Filter>Source Files</Filter>
    </ClCompile>
    <ClCompile Include="ResourceManagement\LightResource.cpp">
      <Filter>Source Files</Filter>
    </ClCompile>
    <ClCompile Include="ResourceManagement\ShaderResource.cpp">
      <Filter>Source Files</Filter>
    </ClCompile>
    <ClCompile Include="ResourceManagement\TextureResource.cpp">
      <Filter>Source Files</Filter>
    </ClCompile>
    <ClCompile Include="Environment\OpenGL\Texture\OpenGLTextureHandler.cpp">
      <Filter>Source Files</Filter>
    </ClCompile>
    <ClCompile Include="Environment\OpenGL\Light\OpenGLLightHandler.cpp">
      <Filter>Source Files</Filter>
    </ClCompile>
    <ClCompile Include="Model\Mesh\OpenGLMesh.cpp">
      <Filter>Source Files</Filter>
    </ClCompile>
    <ClCompile Include="Model\Model\OpenGLModel.cpp">
      <Filter>Source Files</Filter>
    </ClCompile>
    <ClCompile Include="Utility\FileHandler.cpp">
      <Filter>Source Files</Filter>
    </ClCompile>
    <ClCompile Include="AssimpProcessor\AssimpProcessor.cpp">
      <Filter>Source Files</Filter>
    </ClCompile>
    <ClCompile Include="AssimpProcessor\OpenGLAssimpProcessor.cpp">
      <Filter>Source Files</Filter>
    </ClCompile>
    <ClCompile Include="Model\Loader\OpenGLModelLoaderFromFile.cpp">
      <Filter>Source Files</Filter>
    </ClCompile>
    <ClCompile Include="Model\Model\IModel.cpp">
      <Filter>Source Files</Filter>
    </ClCompile>
    <ClCompile Include="ResourceManagement\ModelResource.cpp">
      <Filter>Source Files</Filter>
    </ClCompile>
    <ClCompile Include="ECS\Systems\Render\Interfaces\IModelRenderer.cpp">
      <Filter>Source Files</Filter>
    </ClCompile>
    <ClCompile Include="ECS\Systems\Render\OpenGL\OpenGLModelRenderer.cpp">
      <Filter>Source Files</Filter>
    </ClCompile>
    <ClCompile Include="Environment\Interfaces\Texture\ICubeMapCompiler.cpp">
      <Filter>Source Files</Filter>
    </ClCompile>
    <ClCompile Include="Environment\OpenGL\Texture\OpenGLCubeMapCompiler.cpp">
      <Filter>Source Files</Filter>
    </ClCompile>
    <ClCompile Include="Utility\SBTIUtilities.cpp">
      <Filter>Source Files</Filter>
    </ClCompile>
    <ClCompile Include="ECS\Systems\Render\Interfaces\ICubeMapRenderer.cpp">
      <Filter>Source Files</Filter>
    </ClCompile>
    <ClCompile Include="ECS\Systems\Render\OpenGL\OpenGLCubeMapRenderer.cpp">
      <Filter>Source Files</Filter>
    </ClCompile>
    <ClCompile Include="Utility\Vector3D.cpp">
      <Filter>Source Files</Filter>
    </ClCompile>
    <ClCompile Include="Interface\ImGuiInterface.cpp">
      <Filter>Source Files</Filter>
    </ClCompile>
    <ClCompile Include="ExternalResources\imgui\imgui.cpp">
      <Filter>Source Files</Filter>
    </ClCompile>
    <ClCompile Include="ExternalResources\imgui\imgui_demo.cpp">
      <Filter>Source Files</Filter>
    </ClCompile>
    <ClCompile Include="ExternalResources\imgui\imgui_draw.cpp">
      <Filter>Source Files</Filter>
    </ClCompile>
    <ClCompile Include="ExternalResources\imgui\imgui_impl_glfw.cpp">
      <Filter>Source Files</Filter>
    </ClCompile>
    <ClCompile Include="ExternalResources\imgui\imgui_impl_opengl3.cpp">
      <Filter>Source Files</Filter>
    </ClCompile>
    <ClCompile Include="ExternalResources\imgui\imgui_widgets.cpp">
      <Filter>Source Files</Filter>
    </ClCompile>
    <ClCompile Include="Voxel\OpenGL\OpenGLChunk.cpp">
      <Filter>Source Files</Filter>
    </ClCompile>
    <ClCompile Include="Voxel\GreedyMesh\GreedyFacePerRowMesh.cpp">
      <Filter>Source Files</Filter>
    </ClCompile>
    <ClCompile Include="Voxel\GreedyMesh\GreedyMesh.cpp">
      <Filter>Source Files</Filter>
    </ClCompile>
    <ClCompile Include="Voxel\GreedyMesh\GreedyRowPerSideMesh.cpp">
      <Filter>Source Files</Filter>
    </ClCompile>
    <ClCompile Include="Voxel\GreedyMesh\GreedyMeshExecutor.cpp">
      <Filter>Source Files</Filter>
    </ClCompile>
    <ClCompile Include="Voxel\Chunk\Chunk.cpp">
      <Filter>Source Files</Filter>
    </ClCompile>
    <ClCompile Include="ECS\Systems\Render\Interfaces\IVoxelRenderer.cpp">
      <Filter>Source Files</Filter>
    </ClCompile>
    <ClCompile Include="ECS\Systems\Render\OpenGL\OpenGLVoxelRenderer.cpp">
      <Filter>Source Files</Filter>
    </ClCompile>
    <ClCompile Include="ResourceManagement\VoxelResource.cpp">
      <Filter>Source Files</Filter>
    </ClCompile>
    <ClCompile Include="ECS\Systems\Voxel\IVoxelUpdater.cpp">
      <Filter>Source Files</Filter>
    </ClCompile>
    <ClCompile Include="ECS\Systems\Voxel\OpenGLVoxelUpdater.cpp">
      <Filter>Source Files</Filter>
    </ClCompile>
    <ClCompile Include="Environment\Interfaces\Texture\ITextureHandler.cpp">
      <Filter>Source Files</Filter>
    </ClCompile>
    <ClCompile Include="Model\Mesh\IMesh.cpp">
      <Filter>Source Files</Filter>
    </ClCompile>
    <ClCompile Include="Voxel\Neutral\TerrainGeneration.cpp">
      <Filter>Source Files</Filter>
    </ClCompile>
    <ClCompile Include="Voxel\Chunk\ChunkInRange.cpp">
      <Filter>Source Files</Filter>
    </ClCompile>
    <ClCompile Include="ECS\Systems\Voxel\VoxelInRangeUpdater.cpp">
      <Filter>Source Files</Filter>
    </ClCompile>
  </ItemGroup>
  <ItemGroup>
    <ClInclude Include="Utility\Print.h">
      <Filter>Header Files</Filter>
    </ClInclude>
    <ClInclude Include="Environment\OpenGL\Window\OpenGLWindow.h">
      <Filter>Header Files</Filter>
    </ClInclude>
    <ClInclude Include="Environment\OpenGL\Window\OpenGLWindowCreator.h">
      <Filter>Header Files</Filter>
    </ClInclude>
    <ClInclude Include="Input\Command\ICommand.h">
      <Filter>Header Files</Filter>
    </ClInclude>
    <ClInclude Include="Input\Enums\Keyboard.h">
      <Filter>Header Files</Filter>
    </ClInclude>
    <ClInclude Include="Input\Processing\InputHandler.h">
      <Filter>Header Files</Filter>
    </ClInclude>
    <ClInclude Include="Input\Processing\InputManager.h">
      <Filter>Header Files</Filter>
    </ClInclude>
    <ClInclude Include="Environment\Interfaces\Shader\IShaderLoader.h">
      <Filter>Header Files</Filter>
    </ClInclude>
    <ClInclude Include="Environment\Interfaces\Shader\IShaderProgram.h">
      <Filter>Header Files</Filter>
    </ClInclude>
    <ClInclude Include="Environment\Interfaces\Window\IWindowCreator.h">
      <Filter>Header Files</Filter>
    </ClInclude>
    <ClInclude Include="Environment\Neutral\Shader\ShaderLoaderFromFile.h">
      <Filter>Header Files</Filter>
    </ClInclude>
    <ClInclude Include="Environment\Interfaces\Shader\IShaderCompiler.h">
      <Filter>Header Files</Filter>
    </ClInclude>
    <ClInclude Include="Environment\Neutral\Shader\ShaderType.h">
      <Filter>Header Files</Filter>
    </ClInclude>
    <ClInclude Include="Utility\FatalError.h">
      <Filter>Header Files</Filter>
    </ClInclude>
    <ClInclude Include="Environment\OpenGL\Shader\OpenGLShaderCompiler.h">
      <Filter>Header Files</Filter>
    </ClInclude>
    <ClInclude Include="Environment\OpenGL\Shader\OpenGLShaderProgram.h">
      <Filter>Header Files</Filter>
    </ClInclude>
    <ClInclude Include="Input\Command\ExitCommand.h">
      <Filter>Header Files</Filter>
    </ClInclude>
    <ClInclude Include="Game\GameManager.h">
      <Filter>Header Files</Filter>
    </ClInclude>
    <ClInclude Include="Tests\GraphicsTesting\Cube\ICubeLoader.h">
      <Filter>Header Files</Filter>
    </ClInclude>
    <ClInclude Include="Tests\GraphicsTesting\Cube\OpenGLCubeLoader.h">
      <Filter>Header Files</Filter>
    </ClInclude>
    <ClInclude Include="Tests\GraphicsTesting\Scenes\SceneLoader.h">
      <Filter>Header Files</Filter>
    </ClInclude>
    <ClInclude Include="ECS\Systems\Render\Interfaces\ICubeRenderer.h">
      <Filter>Header Files</Filter>
    </ClInclude>
    <ClInclude Include="ECS\Systems\Render\OpenGL\OpenGLCubeRenderer.h">
      <Filter>Header Files</Filter>
    </ClInclude>
    <ClInclude Include="Tests\GraphicsTesting\Cube\CubeComponent.h">
      <Filter>Header Files</Filter>
    </ClInclude>
    <ClInclude Include="Tests\GraphicsTesting\Cube\CubeResource.h">
      <Filter>Header Files</Filter>
    </ClInclude>
    <ClInclude Include="Game\GameState.h">
      <Filter>Header Files</Filter>
    </ClInclude>
    <ClInclude Include="Input\Enums\Mouse.h">
      <Filter>Header Files</Filter>
    </ClInclude>
    <ClInclude Include="Input\Processing\MouseManager.h">
      <Filter>Header Files</Filter>
    </ClInclude>
    <ClInclude Include="Input\Processing\MouseHandler.h">
      <Filter>Header Files</Filter>
    </ClInclude>
    <ClInclude Include="Input\Command\MouseCommandTest.h">
      <Filter>Header Files</Filter>
    </ClInclude>
    <ClInclude Include="Input\Command\NullCommand.h">
      <Filter>Header Files</Filter>
    </ClInclude>
    <ClInclude Include="Input\Command\ControlCommands.h">
      <Filter>Header Files</Filter>
    </ClInclude>
    <ClInclude Include="ECS\Components\Transform\OrbitComponent.h">
      <Filter>Header Files</Filter>
    </ClInclude>
    <ClInclude Include="ECS\Components\Transform\RotationComponent.h">
      <Filter>Header Files</Filter>
    </ClInclude>
    <ClInclude Include="ECS\Components\Transform\ScaleComponent.h">
      <Filter>Header Files</Filter>
    </ClInclude>
    <ClInclude Include="ECS\Components\Transform\TransformComponent.h">
      <Filter>Header Files</Filter>
    </ClInclude>
    <ClInclude Include="ECS\Components\Shader\ShaderComponent.h">
      <Filter>Header Files</Filter>
    </ClInclude>
    <ClInclude Include="ECS\Components\Transform\MovementVelocityComponent.h">
      <Filter>Header Files</Filter>
    </ClInclude>
    <ClInclude Include="ECS\Systems\Transform\TransformSystem.h">
      <Filter>Header Files</Filter>
    </ClInclude>
    <ClInclude Include="Camera\Direction.h">
      <Filter>Header Files</Filter>
    </ClInclude>
    <ClInclude Include="Camera\CameraData.h">
      <Filter>Header Files</Filter>
    </ClInclude>
    <ClInclude Include="Camera\Camera.h">
      <Filter>Header Files</Filter>
    </ClInclude>
    <ClInclude Include="Matrix\ProjectionMatrix.h">
      <Filter>Header Files</Filter>
    </ClInclude>
    <ClInclude Include="Camera\CameraType.h">
      <Filter>Header Files</Filter>
    </ClInclude>
    <ClInclude Include="ECS\Systems\Transform\WorldMovement.h">
      <Filter>Header Files</Filter>
    </ClInclude>
    <ClInclude Include="ECS\Systems\Transform\WorldScale.h">
      <Filter>Header Files</Filter>
    </ClInclude>
    <ClInclude Include="ECS\Systems\Transform\ModelMatrixReset.h">
      <Filter>Header Files</Filter>
    </ClInclude>
    <ClInclude Include="ECS\Systems\Transform\WorldRotation.h">
      <Filter>Header Files</Filter>
    </ClInclude>
    <ClInclude Include="ECS\Systems\Transform\WorldOrbit.h">
      <Filter>Header Files</Filter>
    </ClInclude>
    <ClInclude Include="Environment\Interfaces\Shader\IShaderUniformBlock.h">
      <Filter>Header Files</Filter>
    </ClInclude>
    <ClInclude Include="Environment\OpenGL\Shader\OpenGLUniformBlock.h">
      <Filter>Header Files</Filter>
    </ClInclude>
    <ClInclude Include="Environment\Interfaces\Texture\ITextureLoader.h">
      <Filter>Header Files</Filter>
    </ClInclude>
    <ClInclude Include="Environment\Neutral\Texture\TextureLoaderFromFile.h">
      <Filter>Header Files</Filter>
    </ClInclude>
    <ClInclude Include="Environment\Neutral\Texture\TextureLoadingData.h">
      <Filter>Header Files</Filter>
    </ClInclude>
    <ClInclude Include="Environment\Interfaces\Texture\ITextureCompiler.h">
      <Filter>Header Files</Filter>
    </ClInclude>
    <ClInclude Include="Environment\OpenGL\Texture\OpenGLTextureCompiler.h">
      <Filter>Header Files</Filter>
    </ClInclude>
    <ClInclude Include="Environment\Interfaces\Texture\ITexture.h">
      <Filter>Header Files</Filter>
    </ClInclude>
    <ClInclude Include="Environment\OpenGL\Texture\OpenGLTexture.h">
      <Filter>Header Files</Filter>
    </ClInclude>
    <ClInclude Include="Matrix\MatrixFunctions.h">
      <Filter>Header Files</Filter>
    </ClInclude>
    <ClInclude Include="Tests\GraphicsTesting\Cube\TexturedCubeComponent.h">
      <Filter>Header Files</Filter>
    </ClInclude>
    <ClInclude Include="Environment\Neutral\API\GraphicsAPI.h">
      <Filter>Header Files</Filter>
    </ClInclude>
    <ClInclude Include="Environment\Neutral\API\GraphicsAPIType.h">
      <Filter>Header Files</Filter>
    </ClInclude>
    <ClInclude Include="Environment\Interfaces\Window\IWindow.h">
      <Filter>Header Files</Filter>
    </ClInclude>
    <ClInclude Include="ECS\Components\Lights\DirectionalLight.h">
      <Filter>Header Files</Filter>
    </ClInclude>
    <ClInclude Include="ECS\Components\Lights\PointLight.h">
      <Filter>Header Files</Filter>
    </ClInclude>
    <ClInclude Include="ECS\Components\Lights\SceneLight.h">
      <Filter>Header Files</Filter>
    </ClInclude>
    <ClInclude Include="Model\Vertex.h">
      <Filter>Header Files</Filter>
    </ClInclude>
    <ClInclude Include="ResourceManagement\LightResource.h">
      <Filter>Header Files</Filter>
    </ClInclude>
    <ClInclude Include="ResourceManagement\ShaderResource.h">
      <Filter>Header Files</Filter>
    </ClInclude>
    <ClInclude Include="ResourceManagement\TextureResource.h">
      <Filter>Header Files</Filter>
    </ClInclude>
    <ClInclude Include="Environment\OpenGL\Texture\OpenGLTextureHandler.h">
      <Filter>Header Files</Filter>
    </ClInclude>
    <ClInclude Include="Environment\OpenGL\Light\OpenGLLightHandler.h">
      <Filter>Header Files</Filter>
    </ClInclude>
    <ClInclude Include="Environment\OpenGL\Texture\TextureShaderData.h">
      <Filter>Header Files</Filter>
    </ClInclude>
    <ClInclude Include="Model\Mesh\IMesh.h">
      <Filter>Header Files</Filter>
    </ClInclude>
    <ClInclude Include="Model\Model\IModel.h">
      <Filter>Header Files</Filter>
    </ClInclude>
    <ClInclude Include="Model\Mesh\OpenGLMesh.h">
      <Filter>Header Files</Filter>
    </ClInclude>
    <ClInclude Include="Model\Model\OpenGLModel.h">
      <Filter>Header Files</Filter>
    </ClInclude>
    <ClInclude Include="Utility\FileHandler.h">
      <Filter>Header Files</Filter>
    </ClInclude>
    <ClInclude Include="AssimpProcessor\AssimpProcessor.h">
      <Filter>Header Files</Filter>
    </ClInclude>
    <ClInclude Include="AssimpProcessor\OpenGLAssimpProcessor.h">
      <Filter>Header Files</Filter>
    </ClInclude>
    <ClInclude Include="Model\Loader\OpenGLModelLoaderFromFile.h">
      <Filter>Header Files</Filter>
    </ClInclude>
    <ClInclude Include="ResourceManagement\ModelResource.h">
      <Filter>Header Files</Filter>
    </ClInclude>
    <ClInclude Include="ECS\Systems\Render\Interfaces\IModelRenderer.h">
      <Filter>Header Files</Filter>
    </ClInclude>
    <ClInclude Include="ECS\Systems\Render\OpenGL\OpenGLModelRenderer.h">
      <Filter>Header Files</Filter>
    </ClInclude>
    <ClInclude Include="ECS\Components\Model\ModelComponent.h">
      <Filter>Header Files</Filter>
    </ClInclude>
    <ClInclude Include="Environment\Interfaces\Texture\ICubeMapCompiler.h">
      <Filter>Header Files</Filter>
    </ClInclude>
    <ClInclude Include="Environment\OpenGL\Texture\OpenGLCubeMapCompiler.h">
      <Filter>Header Files</Filter>
    </ClInclude>
    <ClInclude Include="Utility\SBTIUtilities.h">
      <Filter>Header Files</Filter>
    </ClInclude>
    <ClInclude Include="ECS\Systems\Render\Interfaces\ICubeMapRenderer.h">
      <Filter>Header Files</Filter>
    </ClInclude>
    <ClInclude Include="ECS\Systems\Render\OpenGL\OpenGLCubeMapRenderer.h">
      <Filter>Header Files</Filter>
    </ClInclude>
    <ClInclude Include="ECS\Components\CubeMap\CubeMapComponent.h">
      <Filter>Header Files</Filter>
    </ClInclude>
    <ClInclude Include="Tests\GraphicsTesting\Cube\CubeIDStruct.h">
      <Filter>Header Files</Filter>
    </ClInclude>
    <ClInclude Include="Utility\Vector3D.h">
      <Filter>Header Files</Filter>
    </ClInclude>
    <ClInclude Include="Interface\ImGuiInterface.h">
      <Filter>Header Files</Filter>
    </ClInclude>
    <ClInclude Include="ExternalResources\imgui\imconfig.h">
      <Filter>Header Files</Filter>
    </ClInclude>
    <ClInclude Include="ExternalResources\imgui\imgui.h">
      <Filter>Header Files</Filter>
    </ClInclude>
    <ClInclude Include="ExternalResources\imgui\imgui_impl_glfw.h">
      <Filter>Header Files</Filter>
    </ClInclude>
    <ClInclude Include="ExternalResources\imgui\imgui_impl_opengl3.h">
      <Filter>Header Files</Filter>
    </ClInclude>
    <ClInclude Include="ExternalResources\imgui\imgui_internal.h">
      <Filter>Header Files</Filter>
    </ClInclude>
    <ClInclude Include="ExternalResources\imgui\imstb_rectpack.h">
      <Filter>Header Files</Filter>
    </ClInclude>
    <ClInclude Include="ExternalResources\imgui\imstb_textedit.h">
      <Filter>Header Files</Filter>
    </ClInclude>
    <ClInclude Include="ExternalResources\imgui\imstb_truetype.h">
      <Filter>Header Files</Filter>
    </ClInclude>
    <ClInclude Include="Voxel\OpenGL\OpenGLChunk.h">
      <Filter>Header Files</Filter>
    </ClInclude>
    <ClInclude Include="Voxel\Neutral\VertexAndNormals.h">
      <Filter>Header Files</Filter>
    </ClInclude>
    <ClInclude Include="Voxel\Neutral\WorldPosition.h">
      <Filter>Header Files</Filter>
    </ClInclude>
    <ClInclude Include="Voxel\Neutral\FaceType.h">
      <Filter>Header Files</Filter>
    </ClInclude>
    <ClInclude Include="Voxel\Neutral\Face.h">
      <Filter>Header Files</Filter>
    </ClInclude>
    <ClInclude Include="Voxel\GreedyMesh\GreedyRowPerSideMesh.h">
      <Filter>Header Files</Filter>
    </ClInclude>
    <ClInclude Include="Voxel\GreedyMesh\GreedyFacePerRowMesh.h">
      <Filter>Header Files</Filter>
    </ClInclude>
    <ClInclude Include="Voxel\GreedyMesh\GreedyMesh.h">
      <Filter>Header Files</Filter>
    </ClInclude>
    <ClInclude Include="Voxel\GreedyMesh\GreedyMeshExecutor.h">
      <Filter>Header Files</Filter>
    </ClInclude>
    <ClInclude Include="Voxel\GreedyMesh\SortFaces.hpp">
      <Filter>Header Files</Filter>
    </ClInclude>
    <ClInclude Include="Voxel\Chunk\Chunk.h">
      <Filter>Header Files</Filter>
    </ClInclude>
    <ClInclude Include="Voxel\Neutral\AdjacentChunkPosition.h">
      <Filter>Header Files</Filter>
    </ClInclude>
    <ClInclude Include="ECS\Systems\Render\Interfaces\IVoxelRenderer.h">
      <Filter>Header Files</Filter>
    </ClInclude>
    <ClInclude Include="ECS\Systems\Render\OpenGL\OpenGLVoxelRenderer.h">
      <Filter>Header Files</Filter>
    </ClInclude>
    <ClInclude Include="ECS\Components\Shader\VoxelShader.h">
      <Filter>Header Files</Filter>
    </ClInclude>
    <ClInclude Include="ECS\Components\IncludeComponents.h">
      <Filter>Header Files</Filter>
    </ClInclude>
    <ClInclude Include="ResourceManagement\IncludeResources.h">
      <Filter>Header Files</Filter>
    </ClInclude>
    <ClInclude Include="ECS\Systems\Render\Interfaces\IncludeRenderers.h">
      <Filter>Header Files</Filter>
    </ClInclude>
    <ClInclude Include="ECS\Components\Voxel\ChunkComponent.h">
      <Filter>Header Files</Filter>
    </ClInclude>
    <ClInclude Include="ResourceManagement\VoxelResource.h">
      <Filter>Header Files</Filter>
    </ClInclude>
    <ClInclude Include="ECS\Systems\Voxel\IVoxelUpdater.h">
      <Filter>Header Files</Filter>
    </ClInclude>
    <ClInclude Include="ECS\Systems\Voxel\OpenGLVoxelUpdater.h">
      <Filter>Header Files</Filter>
    </ClInclude>
    <ClInclude Include="Environment\Interfaces\Texture\ITextureHandler.h">
      <Filter>Header Files</Filter>
    </ClInclude>
    <ClInclude Include="Voxel\Neutral\TerrainGeneration.h">
      <Filter>Header Files</Filter>
    </ClInclude>
    <ClInclude Include="Voxel\Chunk\ChunkInRange.h">
      <Filter>Header Files</Filter>
    </ClInclude>
    <ClInclude Include="ECS\Systems\Voxel\VoxelInRangeUpdater.h">
      <Filter>Header Files</Filter>
    </ClInclude>
  </ItemGroup>
</Project>